
Microsoft Visual Studio Solution File, Format Version 12.00
# Visual Studio 14
VisualStudioVersion = 14.0.24720.0
MinimumVisualStudioVersion = 10.0.40219.1
Project("{8BC9CEB8-8B4A-11D0-8D11-00A0C91BC942}") = "ReadTest", "ReadTest.vcxproj", "{B85D4A64-7832-4ECE-AB46-B3F0B802282D}"
EndProject
Project("{8BC9CEB8-8B4A-11D0-8D11-00A0C91BC942}") = "I2C_SCANNER", "..\..\..\..\I2C_SCANNER\I2C_SCANNER.vcxproj", "{3405235A-0955-4A09-9918-EC3E1C2610AD}"
EndProject
Global
	GlobalSection(SolutionConfigurationPlatforms) = preSolution
		Debug|x64 = Debug|x64
		Debug|x86 = Debug|x86
		Release|x64 = Release|x64
		Release|x86 = Release|x86
	EndGlobalSection
	GlobalSection(ProjectConfigurationPlatforms) = postSolution
		{B85D4A64-7832-4ECE-AB46-B3F0B802282D}.Debug|x64.ActiveCfg = Debug|x64
		{B85D4A64-7832-4ECE-AB46-B3F0B802282D}.Debug|x64.Build.0 = Debug|x64
		{B85D4A64-7832-4ECE-AB46-B3F0B802282D}.Debug|x86.ActiveCfg = Debug|Win32
		{B85D4A64-7832-4ECE-AB46-B3F0B802282D}.Debug|x86.Build.0 = Debug|Win32
		{B85D4A64-7832-4ECE-AB46-B3F0B802282D}.Release|x64.ActiveCfg = Release|x64
		{B85D4A64-7832-4ECE-AB46-B3F0B802282D}.Release|x64.Build.0 = Release|x64
		{B85D4A64-7832-4ECE-AB46-B3F0B802282D}.Release|x86.ActiveCfg = Release|Win32
		{B85D4A64-7832-4ECE-AB46-B3F0B802282D}.Release|x86.Build.0 = Release|Win32
		{3405235A-0955-4A09-9918-EC3E1C2610AD}.Debug|x64.ActiveCfg = Debug|x64
		{3405235A-0955-4A09-9918-EC3E1C2610AD}.Debug|x64.Build.0 = Debug|x64
		{3405235A-0955-4A09-9918-EC3E1C2610AD}.Debug|x86.ActiveCfg = Debug|Win32
		{3405235A-0955-4A09-9918-EC3E1C2610AD}.Debug|x86.Build.0 = Debug|Win32
		{3405235A-0955-4A09-9918-EC3E1C2610AD}.Release|x64.ActiveCfg = Release|x64
		{3405235A-0955-4A09-9918-EC3E1C2610AD}.Release|x64.Build.0 = Release|x64
		{3405235A-0955-4A09-9918-EC3E1C2610AD}.Release|x86.ActiveCfg = Release|Win32
		{3405235A-0955-4A09-9918-EC3E1C2610AD}.Release|x86.Build.0 = Release|Win32
	EndGlobalSection
	GlobalSection(SolutionProperties) = preSolution
		HideSolutionNode = FALSE
	EndGlobalSection
EndGlobal
